
Microsoft Visual Studio Solution File, Format Version 12.00
# Visual Studio 14
VisualStudioVersion = 14.0.25420.1
MinimumVisualStudioVersion = 10.0.40219.1
Project("{2150E333-8FDC-42A3-9474-1A3956D46DE8}") = "src", "src", "{3162F0D0-81B1-49DB-9D4C-264F1168A3F6}"
EndProject
Project("{2150E333-8FDC-42A3-9474-1A3956D46DE8}") = "Solution Items", "Solution Items", "{DFA47EA3-C45A-47DF-93E9-72DBD7AECB95}"
	ProjectSection(SolutionItems) = preProject
		global.json = global.json
	EndProjectSection
EndProject
Project("{8BB2217D-0F2D-49D1-97BC-3654ED321F3B}") = "UserProfile", "src\UserProfile\UserProfile.xproj", "{12D9FEA8-519E-4048-BBDC-8DCFE0D6A243}"
EndProject
Global
	GlobalSection(SolutionConfigurationPlatforms) = preSolution
		Debug|Any CPU = Debug|Any CPU
		Release|Any CPU = Release|Any CPU
	EndGlobalSection
	GlobalSection(ProjectConfigurationPlatforms) = postSolution
		{12D9FEA8-519E-4048-BBDC-8DCFE0D6A243}.Debug|Any CPU.ActiveCfg = Debug|Any CPU
		{12D9FEA8-519E-4048-BBDC-8DCFE0D6A243}.Debug|Any CPU.Build.0 = Debug|Any CPU
		{12D9FEA8-519E-4048-BBDC-8DCFE0D6A243}.Release|Any CPU.ActiveCfg = Release|Any CPU
		{12D9FEA8-519E-4048-BBDC-8DCFE0D6A243}.Release|Any CPU.Build.0 = Release|Any CPU
	EndGlobalSection
	GlobalSection(SolutionProperties) = preSolution
		HideSolutionNode = FALSE
	EndGlobalSection
	GlobalSection(NestedProjects) = preSolution
		{12D9FEA8-519E-4048-BBDC-8DCFE0D6A243} = {3162F0D0-81B1-49DB-9D4C-264F1168A3F6}
	EndGlobalSection
EndGlobal
